
Microsoft Visual Studio Solution File, Format Version 12.00
# Visual Studio 2012
Project("{FAE04EC0-301F-11D3-BF4B-00C04F79EFBC}") = "AvocaBin", "AvocaBin\AvocaBin.csproj", "{5CDA6B69-17AA-4587-8CD7-DFC50035955C}"
EndProject
Project("{6141683F-8A12-4E36-9623-2EB02B2C2303}") = "Setup", "Setup\Setup.isproj", "{D97F9247-8A70-4D83-BB2D-BD642067AB6D}"
EndProject
Global
	GlobalSection(TeamFoundationVersionControl) = preSolution
		SccNumberOfProjects = 3
		SccEnterpriseProvider = {4CA58AB2-18FA-4F8D-95D4-32DDF27D184C}
		SccTeamFoundationServer = https://abdessamadghandra.visualstudio.com/
		SccLocalPath0 = .
		SccProjectUniqueName1 = AvocaBin\\AvocaBin.csproj
		SccProjectName1 = AvocaBin
		SccLocalPath1 = AvocaBin
		SccProjectUniqueName2 = Setup\\Setup.isproj
		SccProjectName2 = Setup
		SccLocalPath2 = Setup
	EndGlobalSection
	GlobalSection(SolutionConfigurationPlatforms) = preSolution
		CD_ROM|Any CPU = CD_ROM|Any CPU
		Debug|Any CPU = Debug|Any CPU
		DVD-5|Any CPU = DVD-5|Any CPU
		Release|Any CPU = Release|Any CPU
		SingleImage|Any CPU = SingleImage|Any CPU
	EndGlobalSection
	GlobalSection(ProjectConfigurationPlatforms) = postSolution
		{5CDA6B69-17AA-4587-8CD7-DFC50035955C}.CD_ROM|Any CPU.ActiveCfg = Release|Any CPU
		{5CDA6B69-17AA-4587-8CD7-DFC50035955C}.CD_ROM|Any CPU.Build.0 = Release|Any CPU
		{5CDA6B69-17AA-4587-8CD7-DFC50035955C}.Debug|Any CPU.ActiveCfg = Debug|Any CPU
		{5CDA6B69-17AA-4587-8CD7-DFC50035955C}.Debug|Any CPU.Build.0 = Debug|Any CPU
		{5CDA6B69-17AA-4587-8CD7-DFC50035955C}.DVD-5|Any CPU.ActiveCfg = Debug|Any CPU
		{5CDA6B69-17AA-4587-8CD7-DFC50035955C}.DVD-5|Any CPU.Build.0 = Debug|Any CPU
		{5CDA6B69-17AA-4587-8CD7-DFC50035955C}.Release|Any CPU.ActiveCfg = Release|Any CPU
		{5CDA6B69-17AA-4587-8CD7-DFC50035955C}.Release|Any CPU.Build.0 = Release|Any CPU
		{5CDA6B69-17AA-4587-8CD7-DFC50035955C}.SingleImage|Any CPU.ActiveCfg = Release|Any CPU
		{5CDA6B69-17AA-4587-8CD7-DFC50035955C}.SingleImage|Any CPU.Build.0 = Release|Any CPU
		{D97F9247-8A70-4D83-BB2D-BD642067AB6D}.CD_ROM|Any CPU.ActiveCfg = CD_ROM
		{D97F9247-8A70-4D83-BB2D-BD642067AB6D}.CD_ROM|Any CPU.Build.0 = CD_ROM
		{D97F9247-8A70-4D83-BB2D-BD642067AB6D}.Debug|Any CPU.ActiveCfg = DVD-5
		{D97F9247-8A70-4D83-BB2D-BD642067AB6D}.Debug|Any CPU.Build.0 = DVD-5
		{D97F9247-8A70-4D83-BB2D-BD642067AB6D}.DVD-5|Any CPU.ActiveCfg = DVD-5
		{D97F9247-8A70-4D83-BB2D-BD642067AB6D}.DVD-5|Any CPU.Build.0 = DVD-5
		{D97F9247-8A70-4D83-BB2D-BD642067AB6D}.Release|Any CPU.ActiveCfg = SingleImage
		{D97F9247-8A70-4D83-BB2D-BD642067AB6D}.Release|Any CPU.Build.0 = SingleImage
		{D97F9247-8A70-4D83-BB2D-BD642067AB6D}.SingleImage|Any CPU.ActiveCfg = SingleImage
		{D97F9247-8A70-4D83-BB2D-BD642067AB6D}.SingleImage|Any CPU.Build.0 = SingleImage
	EndGlobalSection
	GlobalSection(SolutionProperties) = preSolution
		HideSolutionNode = FALSE
	EndGlobalSection
EndGlobal
